{"is_source_file": false, "format": "", "description": "", "external_files": [], "external_methods": [], "published": [], "classes": [], "methods": [], "calls": [], "search-terms": [], "state": 2, "file_id": 27, "knowledge_revision": 56, "git_revision": "c9e21ad360e7957a40a16c598a1c2fa36306811d", "hash": "e9b4c3b42cef0193b7fddb548d37e652", "format-version": 4, "code-base-name": "default", "filename": "tic_tac_toe_backend_workspace/tic_tac_toe_backend/post_process_status.lock", "revision_history": [{"56": "c9e21ad360e7957a40a16c598a1c2fa36306811d"}]}